
Microsoft Visual Studio Solution File, Format Version 12.00
# Visual Studio 15
VisualStudioVersion = 15.0.28307.168
MinimumVisualStudioVersion = 10.0.40219.1
Project("{FAE04EC0-301F-11D3-BF4B-00C04F79EFBC}") = "Jayz Homework", "Csharp_Project\Jayz Homework.csproj", "{B5B4D626-9581-4231-A8FB-E91A562AF39C}"
EndProject
Global
	GlobalSection(SolutionConfigurationPlatforms) = preSolution
		Debug|Any CPU = Debug|Any CPU
		Release|Any CPU = Release|Any CPU
	EndGlobalSection
	GlobalSection(ProjectConfigurationPlatforms) = postSolution
		{B5B4D626-9581-4231-A8FB-E91A562AF39C}.Debug|Any CPU.ActiveCfg = Debug|Any CPU
		{B5B4D626-9581-4231-A8FB-E91A562AF39C}.Debug|Any CPU.Build.0 = Debug|Any CPU
		{B5B4D626-9581-4231-A8FB-E91A562AF39C}.Release|Any CPU.ActiveCfg = Release|Any CPU
		{B5B4D626-9581-4231-A8FB-E91A562AF39C}.Release|Any CPU.Build.0 = Release|Any CPU
	EndGlobalSection
	GlobalSection(SolutionProperties) = preSolution
		HideSolutionNode = FALSE
	EndGlobalSection
	GlobalSection(ExtensibilityGlobals) = postSolution
		SolutionGuid = {6C46E651-C37C-4D4A-B0B1-2288BF112685}
	EndGlobalSection
EndGlobal
